
Microsoft Visual Studio Solution File, Format Version 12.00
# Visual Studio Version 16
VisualStudioVersion = 16.0.30523.141
MinimumVisualStudioVersion = 10.0.40219.1
Project("{FAE04EC0-301F-11D3-BF4B-00C04F79EFBC}") = "RandomTestDrive", "RandomTestDrive\RandomTestDrive.csproj", "{04340611-2E28-45DB-9B3E-0C0FA4B9911F}"
EndProject
Global
	GlobalSection(SolutionConfigurationPlatforms) = preSolution
		Debug|Any CPU = Debug|Any CPU
		Release|Any CPU = Release|Any CPU
	EndGlobalSection
	GlobalSection(ProjectConfigurationPlatforms) = postSolution
		{04340611-2E28-45DB-9B3E-0C0FA4B9911F}.Debug|Any CPU.ActiveCfg = Debug|Any CPU
		{04340611-2E28-45DB-9B3E-0C0FA4B9911F}.Debug|Any CPU.Build.0 = Debug|Any CPU
		{04340611-2E28-45DB-9B3E-0C0FA4B9911F}.Release|Any CPU.ActiveCfg = Release|Any CPU
		{04340611-2E28-45DB-9B3E-0C0FA4B9911F}.Release|Any CPU.Build.0 = Release|Any CPU
	EndGlobalSection
	GlobalSection(SolutionProperties) = preSolution
		HideSolutionNode = FALSE
	EndGlobalSection
	GlobalSection(ExtensibilityGlobals) = postSolution
		SolutionGuid = {C7DB27D3-4BD1-400A-AEC3-D55BC8AAB55A}
	EndGlobalSection
EndGlobal
