
Microsoft Visual Studio Solution File, Format Version 12.00
# Visual Studio Version 16
VisualStudioVersion = 16.0.30621.155
MinimumVisualStudioVersion = 10.0.40219.1
Project("{FAE04EC0-301F-11D3-BF4B-00C04F79EFBC}") = "MachineGun", "MachineGun\MachineGun.csproj", "{50986867-519C-4FEC-9B06-31CF3B050F2C}"
EndProject
Global
	GlobalSection(SolutionConfigurationPlatforms) = preSolution
		Debug|Any CPU = Debug|Any CPU
		Release|Any CPU = Release|Any CPU
	EndGlobalSection
	GlobalSection(ProjectConfigurationPlatforms) = postSolution
		{50986867-519C-4FEC-9B06-31CF3B050F2C}.Debug|Any CPU.ActiveCfg = Debug|Any CPU
		{50986867-519C-4FEC-9B06-31CF3B050F2C}.Debug|Any CPU.Build.0 = Debug|Any CPU
		{50986867-519C-4FEC-9B06-31CF3B050F2C}.Release|Any CPU.ActiveCfg = Release|Any CPU
		{50986867-519C-4FEC-9B06-31CF3B050F2C}.Release|Any CPU.Build.0 = Release|Any CPU
	EndGlobalSection
	GlobalSection(SolutionProperties) = preSolution
		HideSolutionNode = FALSE
	EndGlobalSection
	GlobalSection(ExtensibilityGlobals) = postSolution
		SolutionGuid = {E91E12F3-53C9-4AFB-97E3-F3EA98031778}
	EndGlobalSection
EndGlobal
