
Microsoft Visual Studio Solution File, Format Version 12.00
# Visual Studio Version 16
VisualStudioVersion = 16.0.30621.155
MinimumVisualStudioVersion = 10.0.40219.1
Project("{FAE04EC0-301F-11D3-BF4B-00C04F79EFBC}") = "HiLoSample", "HiLoSample\HiLoSample.csproj", "{ACEF6321-1010-4459-BD56-CB7BDFD43CEF}"
EndProject
Global
	GlobalSection(SolutionConfigurationPlatforms) = preSolution
		Debug|Any CPU = Debug|Any CPU
		Release|Any CPU = Release|Any CPU
	EndGlobalSection
	GlobalSection(ProjectConfigurationPlatforms) = postSolution
		{ACEF6321-1010-4459-BD56-CB7BDFD43CEF}.Debug|Any CPU.ActiveCfg = Debug|Any CPU
		{ACEF6321-1010-4459-BD56-CB7BDFD43CEF}.Debug|Any CPU.Build.0 = Debug|Any CPU
		{ACEF6321-1010-4459-BD56-CB7BDFD43CEF}.Release|Any CPU.ActiveCfg = Release|Any CPU
		{ACEF6321-1010-4459-BD56-CB7BDFD43CEF}.Release|Any CPU.Build.0 = Release|Any CPU
	EndGlobalSection
	GlobalSection(SolutionProperties) = preSolution
		HideSolutionNode = FALSE
	EndGlobalSection
	GlobalSection(ExtensibilityGlobals) = postSolution
		SolutionGuid = {BB286A16-48C7-4D45-8304-C64FE5A774C9}
	EndGlobalSection
EndGlobal
